
Microsoft Visual Studio Solution File, Format Version 12.00
# Visual Studio Version 17
VisualStudioVersion = 17.2.32516.85
MinimumVisualStudioVersion = 10.0.40219.1
Project("{E24C65DC-7377-472B-9ABA-BC803B73C61A}") = "ca_temp", "\192.168.200.16\d$\Project\PublishedWeb\UXCA_PUB\uxcacenter\ca_temp\", "{38814165-E403-486B-BD79-B394F42D8425}"
	ProjectSection(WebsiteProperties) = preProject
		TargetFrameworkMoniker = ".NETFramework,Version%3Dv2.0"
		Debug.AspNetCompiler.VirtualPath = "/localhost_64259"
		Debug.AspNetCompiler.PhysicalPath = "\\192.168.200.16\d$\Project\PublishedWeb\UXCA_PUB\uxcacenter\ca_temp\"
		Debug.AspNetCompiler.TargetPath = "PrecompiledWeb\localhost_64259\"
		Debug.AspNetCompiler.Updateable = "true"
		Debug.AspNetCompiler.ForceOverwrite = "true"
		Debug.AspNetCompiler.FixedNames = "false"
		Debug.AspNetCompiler.Debug = "True"
		Release.AspNetCompiler.VirtualPath = "/localhost_64259"
		Release.AspNetCompiler.PhysicalPath = "\\192.168.200.16\d$\Project\PublishedWeb\UXCA_PUB\uxcacenter\ca_temp\"
		Release.AspNetCompiler.TargetPath = "PrecompiledWeb\localhost_64259\"
		Release.AspNetCompiler.Updateable = "true"
		Release.AspNetCompiler.ForceOverwrite = "true"
		Release.AspNetCompiler.FixedNames = "false"
		Release.AspNetCompiler.Debug = "False"
		VWDPort = "64259"
	EndProjectSection
EndProject
Global
	GlobalSection(SolutionConfigurationPlatforms) = preSolution
		Debug|Any CPU = Debug|Any CPU
	EndGlobalSection
	GlobalSection(ProjectConfigurationPlatforms) = postSolution
		{38814165-E403-486B-BD79-B394F42D8425}.Debug|Any CPU.ActiveCfg = Debug|Any CPU
		{38814165-E403-486B-BD79-B394F42D8425}.Debug|Any CPU.Build.0 = Debug|Any CPU
	EndGlobalSection
	GlobalSection(SolutionProperties) = preSolution
		HideSolutionNode = FALSE
	EndGlobalSection
	GlobalSection(ExtensibilityGlobals) = postSolution
		SolutionGuid = {F9D32378-FEB8-440D-B21D-B9DA12D1A5DB}
	EndGlobalSection
EndGlobal
